
Microsoft Visual Studio Solution File, Format Version 12.00
# Visual Studio Version 16
VisualStudioVersion = 16.0.30804.86
MinimumVisualStudioVersion = 10.0.40219.1
Project("{FAE04EC0-301F-11D3-BF4B-00C04F79EFBC}") = "ConsoleTechExercise", "ConsoleTechExercise\ConsoleTechExercise.csproj", "{5121AC64-05DE-4411-8340-CAEA1843BA75}"
EndProject
Project("{FAE04EC0-301F-11D3-BF4B-00C04F79EFBC}") = "ShapesLib", "ShapesLib\ShapesLib.csproj", "{EB02782C-9385-4F5D-A0D9-9BFD07B2EED2}"
EndProject
Project("{FAE04EC0-301F-11D3-BF4B-00C04F79EFBC}") = "UnitTestPro", "UnitTestPro\UnitTestPro.csproj", "{8350BE6C-3655-4456-9E5F-A98E773D6155}"
EndProject
Global
	GlobalSection(SolutionConfigurationPlatforms) = preSolution
		Debug|Any CPU = Debug|Any CPU
		Release|Any CPU = Release|Any CPU
	EndGlobalSection
	GlobalSection(ProjectConfigurationPlatforms) = postSolution
		{5121AC64-05DE-4411-8340-CAEA1843BA75}.Debug|Any CPU.ActiveCfg = Debug|Any CPU
		{5121AC64-05DE-4411-8340-CAEA1843BA75}.Debug|Any CPU.Build.0 = Debug|Any CPU
		{5121AC64-05DE-4411-8340-CAEA1843BA75}.Release|Any CPU.ActiveCfg = Release|Any CPU
		{5121AC64-05DE-4411-8340-CAEA1843BA75}.Release|Any CPU.Build.0 = Release|Any CPU
		{EB02782C-9385-4F5D-A0D9-9BFD07B2EED2}.Debug|Any CPU.ActiveCfg = Debug|Any CPU
		{EB02782C-9385-4F5D-A0D9-9BFD07B2EED2}.Debug|Any CPU.Build.0 = Debug|Any CPU
		{EB02782C-9385-4F5D-A0D9-9BFD07B2EED2}.Release|Any CPU.ActiveCfg = Release|Any CPU
		{EB02782C-9385-4F5D-A0D9-9BFD07B2EED2}.Release|Any CPU.Build.0 = Release|Any CPU
		{8350BE6C-3655-4456-9E5F-A98E773D6155}.Debug|Any CPU.ActiveCfg = Debug|Any CPU
		{8350BE6C-3655-4456-9E5F-A98E773D6155}.Debug|Any CPU.Build.0 = Debug|Any CPU
		{8350BE6C-3655-4456-9E5F-A98E773D6155}.Release|Any CPU.ActiveCfg = Release|Any CPU
		{8350BE6C-3655-4456-9E5F-A98E773D6155}.Release|Any CPU.Build.0 = Release|Any CPU
	EndGlobalSection
	GlobalSection(SolutionProperties) = preSolution
		HideSolutionNode = FALSE
	EndGlobalSection
	GlobalSection(ExtensibilityGlobals) = postSolution
		SolutionGuid = {907801B2-3E94-4EB4-AAD0-36246C4D8381}
	EndGlobalSection
EndGlobal
